[[package]]
name = "et-xmlfile"
version = "1.1.0"
description = "An implementation of lxml.xmlfile for the standard library"
category = "main"
optional = false
python-versions = ">=3.6"

[[package]]
name = "openpyxl"
version = "3.1.2"
description = "A Python library to read/write Excel 2010 xlsx/xlsm files"
category = "main"
optional = false
python-versions = ">=3.6"

[package.dependencies]
et-xmlfile = "*"

[metadata]
lock-version = "1.1"
python-versions = "^3.10"
content-hash = "507ee4067837395f11856accfdd19721cf472c563b71461d0ad36a1fd36acb1c"

[metadata.files]
et-xmlfile = []
openpyxl = []
